{
  "name": "portfolio",
  "version": "1.0.0",
  "lockfileVersion": 1,
  "requires": true,
  "dependencies": {
    "@types/hast": {
      "version": "2.3.4",
      "resolved": "https://registry.npmjs.org/@types/hast/-/hast-2.3.4.tgz",
      "integrity": "sha512-wLEm0QvaoawEDoTRwzTXp4b4jpwiJDvR5KMnFnVodm3scufTlBOWRD6N1OBf9TZMhjlNsSfcO5V+7AF4+Vy+9g==",
      "dev": true,
      "requires": {
        "@types/unist": "*"
      }
    },
    "@types/parse5": {
      "version": "5.0.3",
      "resolved": "https://registry.npmjs.org/@types/parse5/-/parse5-5.0.3.tgz",
      "integrity": "sha512-kUNnecmtkunAoQ3CnjmMkzNU/gtxG8guhi+Fk2U/kOpIKjIMKnXGp4IJCgQJrXSgMsWYimYG4TGjz/UzbGEBTw==",
      "dev": true
    },
    "@types/unist": {
      "version": "2.0.6",
      "resolved": "https://registry.npmjs.org/@types/unist/-/unist-2.0.6.tgz",
      "integrity": "sha512-PBjIUxZHOuj0R15/xuwJYjFi+KZdNFrehocChv4g5hu6aFroHue8m0lBP0POdK2nKzbw0cgV1mws8+V/JAcEkQ==",
      "dev": true
    },
    "bail": {
      "version": "1.0.5",
      "resolved": "https://registry.npmjs.org/bail/-/bail-1.0.5.tgz",
      "integrity": "sha512-xFbRxM1tahm08yHBP16MMjVUAvDaBMD38zsM9EMAUN61omwLmKlOpB/Zku5QkjZ8TZ4vn53pj+t518cH0S03RQ==",
      "dev": true
    },
    "bootstrap": {
      "version": "5.1.3",
      "resolved": "https://registry.npmjs.org/bootstrap/-/bootstrap-5.1.3.tgz",
      "integrity": "sha512-fcQztozJ8jToQWXxVuEyXWW+dSo8AiXWKwiSSrKWsRB/Qt+Ewwza+JWoLKiTuQLaEPhdNAJ7+Dosc9DOIqNy7Q=="
    },
    "bootstrap-icons": {
      "version": "1.7.1",
      "resolved": "https://registry.npmjs.org/bootstrap-icons/-/bootstrap-icons-1.7.1.tgz",
      "integrity": "sha512-Hkuoo0qrWegA9cdzwS68YPSOLf7d42gqnMzT1tIy/SWvnxnI+Y5PFvK2qIbM/L7knH8SdC8FPgjA+bktzmGcAw=="
    },
    "comma-separated-tokens": {
      "version": "1.0.8",
      "resolved": "https://registry.npmjs.org/comma-separated-tokens/-/comma-separated-tokens-1.0.8.tgz",
      "integrity": "sha512-GHuDRO12Sypu2cV70d1dkA2EUmXHgntrzbpvOB+Qy+49ypNfGgFQIC2fhhXbnyrJRynDCAARsT7Ou0M6hirpfw==",
      "dev": true
    },
    "extend": {
      "version": "3.0.2",
      "resolved": "https://registry.npmjs.org/extend/-/extend-3.0.2.tgz",
      "integrity": "sha512-fjquC59cD7CyW6urNXK0FBufkZcoiGG80wTuPujX590cB5Ttln20E2UB4S/WARVqhXffZl2LNgS+gQdPIIim/g==",
      "dev": true
    },
    "hast-util-from-parse5": {
      "version": "6.0.1",
      "resolved": "https://registry.npmjs.org/hast-util-from-parse5/-/hast-util-from-parse5-6.0.1.tgz",
      "integrity": "sha512-jeJUWiN5pSxW12Rh01smtVkZgZr33wBokLzKLwinYOUfSzm1Nl/c3GUGebDyOKjdsRgMvoVbV0VpAcpjF4NrJA==",
      "dev": true,
      "requires": {
        "@types/parse5": "^5.0.0",
        "hastscript": "^6.0.0",
        "property-information": "^5.0.0",
        "vfile": "^4.0.0",
        "vfile-location": "^3.2.0",
        "web-namespaces": "^1.0.0"
      }
    },
    "hast-util-has-property": {
      "version": "1.0.4",
      "resolved": "https://registry.npmjs.org/hast-util-has-property/-/hast-util-has-property-1.0.4.tgz",
      "integrity": "sha512-ghHup2voGfgFoHMGnaLHOjbYFACKrRh9KFttdCzMCbFoBMJXiNi2+XTrPP8+q6cDJM/RSqlCfVWrjp1H201rZg==",
      "dev": true
    },
    "hast-util-is-css-link": {
      "version": "1.0.5",
      "resolved": "https://registry.npmjs.org/hast-util-is-css-link/-/hast-util-is-css-link-1.0.5.tgz",
      "integrity": "sha512-uY+xDxQL13L+3w8Cp+8XAnX+Mw0kCQT4kR6AqdneBWcKALyaZYjgTFrs63cO/dNlH+ugYSNFQsUadmauIx/zOg==",
      "dev": true,
      "requires": {
        "trim": "^1.0.0"
      }
    },
    "hast-util-is-css-style": {
      "version": "1.0.5",
      "resolved": "https://registry.npmjs.org/hast-util-is-css-style/-/hast-util-is-css-style-1.0.5.tgz",
      "integrity": "sha512-LB2nH1M/i3NujyrNzNG61lKcNPdPgFP+Ed+rVx5REbH3V1PynxHlsK6WLz6NAqTGsXUj1jJpOA8oa4wErxn3gQ==",
      "dev": true,
      "requires": {
        "trim": "1.0.0"
      },
      "dependencies": {
        "trim": {
          "version": "1.0.0",
          "resolved": "https://registry.npmjs.org/trim/-/trim-1.0.0.tgz",
          "integrity": "sha512-UgtES1lYpE+f4WiGY5lyJlHchuGhTa/xMPH96g/B7gc+pEQPiL41s6ECm7Ky3hkhARG/u1SHGFcleJodAvQOKQ==",
          "dev": true
        }
      }
    },
    "hast-util-is-element": {
      "version": "1.1.0",
      "resolved": "https://registry.npmjs.org/hast-util-is-element/-/hast-util-is-element-1.1.0.tgz",
      "integrity": "sha512-oUmNua0bFbdrD/ELDSSEadRVtWZOf3iF6Lbv81naqsIV99RnSCieTbWuWCY8BAeEfKJTKl0gRdokv+dELutHGQ==",
      "dev": true
    },
    "hast-util-is-javascript": {
      "version": "1.0.5",
      "resolved": "https://registry.npmjs.org/hast-util-is-javascript/-/hast-util-is-javascript-1.0.5.tgz",
      "integrity": "sha512-CeWiqM8aQ/b7njiO/NTx2IH+FuWeUTVwKRaVxDkcDK2iv5M3XGWrlePKnTSSXvLN0NlX3BNrsNMzL7x7MMpoKg==",
      "dev": true,
      "requires": {
        "hast-util-has-property": "^1.0.0",
        "hast-util-is-element": "^1.0.0",
        "trim": "1.0.0"
      },
      "dependencies": {
        "trim": {
          "version": "1.0.0",
          "resolved": "https://registry.npmjs.org/trim/-/trim-1.0.0.tgz",
          "integrity": "sha512-UgtES1lYpE+f4WiGY5lyJlHchuGhTa/xMPH96g/B7gc+pEQPiL41s6ECm7Ky3hkhARG/u1SHGFcleJodAvQOKQ==",
          "dev": true
        }
      }
    },
    "hast-util-parse-selector": {
      "version": "2.2.5",
      "resolved": "https://registry.npmjs.org/hast-util-parse-selector/-/hast-util-parse-selector-2.2.5.tgz",
      "integrity": "sha512-7j6mrk/qqkSehsM92wQjdIgWM2/BW61u/53G6xmC8i1OmEdKLHbk419QKQUjz6LglWsfqoiHmyMRkP1BGjecNQ==",
      "dev": true
    },
    "hastscript": {
      "version": "6.0.0",
      "resolved": "https://registry.npmjs.org/hastscript/-/hastscript-6.0.0.tgz",
      "integrity": "sha512-nDM6bvd7lIqDUiYEiu5Sl/+6ReP0BMk/2f4U/Rooccxkj0P5nm+acM5PrGJ/t5I8qPGiqZSE6hVAwZEdZIvP4w==",
      "dev": true,
      "requires": {
        "@types/hast": "^2.0.0",
        "comma-separated-tokens": "^1.0.0",
        "hast-util-parse-selector": "^2.0.0",
        "property-information": "^5.0.0",
        "space-separated-tokens": "^1.0.0"
      }
    },
    "is-buffer": {
      "version": "2.0.5",
      "resolved": "https://registry.npmjs.org/is-buffer/-/is-buffer-2.0.5.tgz",
      "integrity": "sha512-i2R6zNFDwgEHJyQUtJEk0XFi1i0dPFn/oqjK3/vPCcDeJvW5NQ83V8QbicfF1SupOaB0h8ntgBC2YiE7dfyctQ==",
      "dev": true
    },
    "is-plain-obj": {
      "version": "2.1.0",
      "resolved": "https://registry.npmjs.org/is-plain-obj/-/is-plain-obj-2.1.0.tgz",
      "integrity": "sha512-YWnfyRwxL/+SsrWYfOpUtz5b3YD+nyfkHvjbcanzk8zgyO4ASD67uVMRt8k5bM4lLMDnXfriRhOpemw+NfT1eA==",
      "dev": true
    },
    "jquery": {
      "version": "3.6.0",
      "resolved": "https://registry.npmjs.org/jquery/-/jquery-3.6.0.tgz",
      "integrity": "sha512-JVzAR/AjBvVt2BmYhxRCSYysDsPcssdmTFnzyLEts9qNwmjmu4JTAMYubEfwVOSwpQ1I1sKKFcxhZCI2buerfw=="
    },
    "netlify-plugin-csp-headers": {
      "version": "0.0.1-alpha.8",
      "resolved": "https://registry.npmjs.org/netlify-plugin-csp-headers/-/netlify-plugin-csp-headers-0.0.1-alpha.8.tgz",
      "integrity": "sha512-jxRqbmk0cp8WOp3LHC/GeeZ1O7fyXKHMVrYK/LGtO7hN6hG2lRJEfIpf/Bk5BdIOTcw4KTLGv/0kFMFPRdx0Qg==",
      "dev": true,
      "requires": {
        "hast-util-is-css-link": "^1.0.4",
        "hast-util-is-css-style": "^1.0.4",
        "hast-util-is-javascript": "^1.0.4",
        "rehype-parse": "^7.0.1",
        "unified": "^9.0.0",
        "unist-util-visit": "^2.0.3"
      }
    },
    "parse5": {
      "version": "6.0.1",
      "resolved": "https://registry.npmjs.org/parse5/-/parse5-6.0.1.tgz",
      "integrity": "sha512-Ofn/CTFzRGTTxwpNEs9PP93gXShHcTq255nzRYSKe8AkVpZY7e1fpmTfOyoIvjP5HG7Z2ZM7VS9PPhQGW2pOpw==",
      "dev": true
    },
    "popper.js": {
      "version": "1.16.1",
      "resolved": "https://registry.npmjs.org/popper.js/-/popper.js-1.16.1.tgz",
      "integrity": "sha512-Wb4p1J4zyFTbM+u6WuO4XstYx4Ky9Cewe4DWrel7B0w6VVICvPwdOpotjzcf6eD8TsckVnIMNONQyPIUFOUbCQ=="
    },
    "prettier": {
      "version": "2.5.0",
      "resolved": "https://registry.npmjs.org/prettier/-/prettier-2.5.0.tgz",
      "integrity": "sha512-FM/zAKgWTxj40rH03VxzIPdXmj39SwSjwG0heUcNFwI+EMZJnY93yAiKXM3dObIKAM5TA88werc8T/EwhB45eg==",
      "dev": true
    },
    "property-information": {
      "version": "5.6.0",
      "resolved": "https://registry.npmjs.org/property-information/-/property-information-5.6.0.tgz",
      "integrity": "sha512-YUHSPk+A30YPv+0Qf8i9Mbfe/C0hdPXk1s1jPVToV8pk8BQtpw10ct89Eo7OWkutrwqvT0eicAxlOg3dOAu8JA==",
      "dev": true,
      "requires": {
        "xtend": "^4.0.0"
      }
    },
    "rehype-parse": {
      "version": "7.0.1",
      "resolved": "https://registry.npmjs.org/rehype-parse/-/rehype-parse-7.0.1.tgz",
      "integrity": "sha512-fOiR9a9xH+Le19i4fGzIEowAbwG7idy2Jzs4mOrFWBSJ0sNUgy0ev871dwWnbOo371SjgjG4pwzrbgSVrKxecw==",
      "dev": true,
      "requires": {
        "hast-util-from-parse5": "^6.0.0",
        "parse5": "^6.0.0"
      }
    },
    "space-separated-tokens": {
      "version": "1.1.5",
      "resolved": "https://registry.npmjs.org/space-separated-tokens/-/space-separated-tokens-1.1.5.tgz",
      "integrity": "sha512-q/JSVd1Lptzhf5bkYm4ob4iWPjx0KiRe3sRFBNrVqbJkFaBm5vbbowy1mymoPNLRa52+oadOhJ+K49wsSeSjTA==",
      "dev": true
    },
    "trim": {
      "version": "1.0.1",
      "resolved": "https://registry.npmjs.org/trim/-/trim-1.0.1.tgz",
      "integrity": "sha512-3JVP2YVqITUisXblCDq/Bi4P9457G/sdEamInkyvCsjbTcXLXIiG7XCb4kGMFWh6JGXesS3TKxOPtrncN/xe8w==",
      "dev": true
    },
    "trough": {
      "version": "1.0.5",
      "resolved": "https://registry.npmjs.org/trough/-/trough-1.0.5.tgz",
      "integrity": "sha512-rvuRbTarPXmMb79SmzEp8aqXNKcK+y0XaB298IXueQ8I2PsrATcPBCSPyK/dDNa2iWOhKlfNnOjdAOTBU/nkFA==",
      "dev": true
    },
    "unified": {
      "version": "9.2.2",
      "resolved": "https://registry.npmjs.org/unified/-/unified-9.2.2.tgz",
      "integrity": "sha512-Sg7j110mtefBD+qunSLO1lqOEKdrwBFBrR6Qd8f4uwkhWNlbkaqwHse6e7QvD3AP/MNoJdEDLaf8OxYyoWgorQ==",
      "dev": true,
      "requires": {
        "bail": "^1.0.0",
        "extend": "^3.0.0",
        "is-buffer": "^2.0.0",
        "is-plain-obj": "^2.0.0",
        "trough": "^1.0.0",
        "vfile": "^4.0.0"
      }
    },
    "unist-util-is": {
      "version": "4.1.0",
      "resolved": "https://registry.npmjs.org/unist-util-is/-/unist-util-is-4.1.0.tgz",
      "integrity": "sha512-ZOQSsnce92GrxSqlnEEseX0gi7GH9zTJZ0p9dtu87WRb/37mMPO2Ilx1s/t9vBHrFhbgweUwb+t7cIn5dxPhZg==",
      "dev": true
    },
    "unist-util-stringify-position": {
      "version": "2.0.3",
      "resolved": "https://registry.npmjs.org/unist-util-stringify-position/-/unist-util-stringify-position-2.0.3.tgz",
      "integrity": "sha512-3faScn5I+hy9VleOq/qNbAd6pAx7iH5jYBMS9I1HgQVijz/4mv5Bvw5iw1sC/90CODiKo81G/ps8AJrISn687g==",
      "dev": true,
      "requires": {
        "@types/unist": "^2.0.2"
      }
    },
    "unist-util-visit": {
      "version": "2.0.3",
      "resolved": "https://registry.npmjs.org/unist-util-visit/-/unist-util-visit-2.0.3.tgz",
      "integrity": "sha512-iJ4/RczbJMkD0712mGktuGpm/U4By4FfDonL7N/9tATGIF4imikjOuagyMY53tnZq3NP6BcmlrHhEKAfGWjh7Q==",
      "dev": true,
      "requires": {
        "@types/unist": "^2.0.0",
        "unist-util-is": "^4.0.0",
        "unist-util-visit-parents": "^3.0.0"
      }
    },
    "unist-util-visit-parents": {
      "version": "3.1.1",
      "resolved": "https://registry.npmjs.org/unist-util-visit-parents/-/unist-util-visit-parents-3.1.1.tgz",
      "integrity": "sha512-1KROIZWo6bcMrZEwiH2UrXDyalAa0uqzWCxCJj6lPOvTve2WkfgCytoDTPaMnodXh1WrXOq0haVYHj99ynJlsg==",
      "dev": true,
      "requires": {
        "@types/unist": "^2.0.0",
        "unist-util-is": "^4.0.0"
      }
    },
    "vfile": {
      "version": "4.2.1",
      "resolved": "https://registry.npmjs.org/vfile/-/vfile-4.2.1.tgz",
      "integrity": "sha512-O6AE4OskCG5S1emQ/4gl8zK586RqA3srz3nfK/Viy0UPToBc5Trp9BVFb1u0CjsKrAWwnpr4ifM/KBXPWwJbCA==",
      "dev": true,
      "requires": {
        "@types/unist": "^2.0.0",
        "is-buffer": "^2.0.0",
        "unist-util-stringify-position": "^2.0.0",
        "vfile-message": "^2.0.0"
      }
    },
    "vfile-location": {
      "version": "3.2.0",
      "resolved": "https://registry.npmjs.org/vfile-location/-/vfile-location-3.2.0.tgz",
      "integrity": "sha512-aLEIZKv/oxuCDZ8lkJGhuhztf/BW4M+iHdCwglA/eWc+vtuRFJj8EtgceYFX4LRjOhCAAiNHsKGssC6onJ+jbA==",
      "dev": true
    },
    "vfile-message": {
      "version": "2.0.4",
      "resolved": "https://registry.npmjs.org/vfile-message/-/vfile-message-2.0.4.tgz",
      "integrity": "sha512-DjssxRGkMvifUOJre00juHoP9DPWuzjxKuMDrhNbk2TdaYYBNMStsNhEOt3idrtI12VQYM/1+iM0KOzXi4pxwQ==",
      "dev": true,
      "requires": {
        "@types/unist": "^2.0.0",
        "unist-util-stringify-position": "^2.0.0"
      }
    },
    "web-namespaces": {
      "version": "1.1.4",
      "resolved": "https://registry.npmjs.org/web-namespaces/-/web-namespaces-1.1.4.tgz",
      "integrity": "sha512-wYxSGajtmoP4WxfejAPIr4l0fVh+jeMXZb08wNc0tMg6xsfZXj3cECqIK0G7ZAqUq0PP8WlMDtaOGVBTAWztNw==",
      "dev": true
    },
    "xtend": {
      "version": "4.0.2",
      "resolved": "https://registry.npmjs.org/xtend/-/xtend-4.0.2.tgz",
      "integrity": "sha512-LKYU1iAXJXUgAXn9URjiu+MWhyUXHsvfp7mcuYm9dSUKK0/CjtrUwFAxD82/mCWbtLsGjFIad0wIsod4zrTAEQ==",
      "dev": true
    }
  }
}
